
Microsoft Visual Studio Solution File, Format Version 12.00
# Visual Studio 15
VisualStudioVersion = 15.0.28307.1401
MinimumVisualStudioVersion = 10.0.40219.1
Project("{FAE04EC0-301F-11D3-BF4B-00C04F79EFBC}") = "BusinessLayer", "BusinessLayer\BusinessLayer.csproj", "{47F59ED8-D1DE-44E5-BBF3-A0B912524900}"
EndProject
Project("{FAE04EC0-301F-11D3-BF4B-00C04F79EFBC}") = "WebApi", "WebApi\WebApi.csproj", "{AA7EE9D3-1E95-4981-B6BC-1B08A4095A39}"
EndProject
Global
	GlobalSection(SolutionConfigurationPlatforms) = preSolution
		Debug|Any CPU = Debug|Any CPU
		Release|Any CPU = Release|Any CPU
	EndGlobalSection
	GlobalSection(ProjectConfigurationPlatforms) = postSolution
		{47F59ED8-D1DE-44E5-BBF3-A0B912524900}.Debug|Any CPU.ActiveCfg = Debug|Any CPU
		{47F59ED8-D1DE-44E5-BBF3-A0B912524900}.Debug|Any CPU.Build.0 = Debug|Any CPU
		{47F59ED8-D1DE-44E5-BBF3-A0B912524900}.Release|Any CPU.ActiveCfg = Release|Any CPU
		{47F59ED8-D1DE-44E5-BBF3-A0B912524900}.Release|Any CPU.Build.0 = Release|Any CPU
		{AA7EE9D3-1E95-4981-B6BC-1B08A4095A39}.Debug|Any CPU.ActiveCfg = Debug|Any CPU
		{AA7EE9D3-1E95-4981-B6BC-1B08A4095A39}.Debug|Any CPU.Build.0 = Debug|Any CPU
		{AA7EE9D3-1E95-4981-B6BC-1B08A4095A39}.Release|Any CPU.ActiveCfg = Release|Any CPU
		{AA7EE9D3-1E95-4981-B6BC-1B08A4095A39}.Release|Any CPU.Build.0 = Release|Any CPU
	EndGlobalSection
	GlobalSection(SolutionProperties) = preSolution
		HideSolutionNode = FALSE
	EndGlobalSection
	GlobalSection(ExtensibilityGlobals) = postSolution
		SolutionGuid = {7E1604E9-97A5-4CFB-9CC1-608715221BA0}
	EndGlobalSection
	GlobalSection(TeamFoundationVersionControl) = preSolution
		SccNumberOfProjects = 3
		SccEnterpriseProvider = {4CA58AB2-18FA-4F8D-95D4-32DDF27D184C}
		SccTeamFoundationServer = http://usmer-tfs001:8080/tfs/validatedsoftwarecollection
		SccLocalPath0 = .
		SccProjectUniqueName1 = BusinessLayer\\BusinessLayer.csproj
		SccProjectName1 = BusinessLayer
		SccLocalPath1 = BusinessLayer
		SccProjectUniqueName2 = WebApi\\WebApi.csproj
		SccProjectName2 = WebApi
		SccLocalPath2 = WebApi
	EndGlobalSection
EndGlobal
